
Microsoft Visual Studio Solution File, Format Version 12.00
# Visual Studio Version 17
VisualStudioVersion = 17.0.31903.59
MinimumVisualStudioVersion = 10.0.40219.1
Project("{8BC9CEB8-8B4A-11D0-8D11-00A0C91BC942}") = "ConsoleApplication47", "ConsoleApplication47.vcxproj", "{67684BA1-375B-420D-904A-440C57CE467D}"
EndProject
Global
	GlobalSection(SolutionConfigurationPlatforms) = preSolution
		Debug|x64 = Debug|x64
		Debug|x86 = Debug|x86
		Release|x64 = Release|x64
		Release|x86 = Release|x86
	EndGlobalSection
	GlobalSection(ProjectConfigurationPlatforms) = postSolution
		{67684BA1-375B-420D-904A-440C57CE467D}.Debug|x64.ActiveCfg = Debug|x64
		{67684BA1-375B-420D-904A-440C57CE467D}.Debug|x64.Build.0 = Debug|x64
		{67684BA1-375B-420D-904A-440C57CE467D}.Debug|x86.ActiveCfg = Debug|Win32
		{67684BA1-375B-420D-904A-440C57CE467D}.Debug|x86.Build.0 = Debug|Win32
		{67684BA1-375B-420D-904A-440C57CE467D}.Release|x64.ActiveCfg = Release|x64
		{67684BA1-375B-420D-904A-440C57CE467D}.Release|x64.Build.0 = Release|x64
		{67684BA1-375B-420D-904A-440C57CE467D}.Release|x86.ActiveCfg = Release|Win32
		{67684BA1-375B-420D-904A-440C57CE467D}.Release|x86.Build.0 = Release|Win32
	EndGlobalSection
	GlobalSection(SolutionProperties) = preSolution
		HideSolutionNode = FALSE
	EndGlobalSection
	GlobalSection(ExtensibilityGlobals) = postSolution
		SolutionGuid = {CB302A63-6284-4B92-A5F8-EE14F47CE609}
	EndGlobalSection
EndGlobal
